// !$*UTF8*$!
{
	archiveVersion = 1;
	classes = {
	};
	objectVersion = 46;
	objects = {

/* Begin PBXBuildFile section */
		DFEF467B188DD5A30045B8FC /* allocation.cpp in Sources */ = {isa = PBXBuildFile; fileRef = DFEF4629188DD5A30045B8FC /* allocation.cpp */; };
		DFEF467C188DD5A30045B8FC /* arrays.cpp in Sources */ = {isa = PBXBuildFile; fileRef = DFEF462B188DD5A30045B8FC /* arrays.cpp */; };
		DFEF467D188DD5A30045B8FC /* benchmark.cpp in Sources */ = {isa = PBXBuildFile; fileRef = DFEF462D188DD5A30045B8FC /* benchmark.cpp */; };
		DFEF467E188DD5A30045B8FC /* classloading.cpp in Sources */ = {isa = PBXBuildFile; fileRef = DFEF462F188DD5A30045B8FC /* classloading.cpp */; };
		DFEF467F188DD5A30045B8FC /* enumeration.cpp in Sources */ = {isa = PBXBuildFile; fileRef = DFEF4631188DD5A30045B8FC /* enumeration.cpp */; };
		DFEF4680188DD5A30045B8FC /* exceptionHandling.cpp in Sources */ = {isa = PBXBuildFile; fileRef = DFEF4633188DD5A30045B8FC /* exceptionHandling.cpp */; };
		DFEF4681188DD5A30045B8FC /* java4cpp_demos_Allocation.cpp in Sources */ = {isa = PBXBuildFile; fileRef = DFEF4638188DD5A30045B8FC /* java4cpp_demos_Allocation.cpp */; };
		DFEF4682188DD5A30045B8FC /* java4cpp_demos_Arrays.cpp in Sources */ = {isa = PBXBuildFile; fileRef = DFEF463A188DD5A30045B8FC /* java4cpp_demos_Arrays.cpp */; };
		DFEF4683188DD5A30045B8FC /* java4cpp_demos_Baseclass.cpp in Sources */ = {isa = PBXBuildFile; fileRef = DFEF463C188DD5A30045B8FC /* java4cpp_demos_Baseclass.cpp */; };
		DFEF4684188DD5A30045B8FC /* java4cpp_demos_Benchmark.cpp in Sources */ = {isa = PBXBuildFile; fileRef = DFEF463E188DD5A30045B8FC /* java4cpp_demos_Benchmark.cpp */; };
		DFEF4685188DD5A30045B8FC /* java4cpp_demos_CheckedException.cpp in Sources */ = {isa = PBXBuildFile; fileRef = DFEF4640188DD5A30045B8FC /* java4cpp_demos_CheckedException.cpp */; };
		DFEF4686188DD5A30045B8FC /* java4cpp_demos_Containers.cpp in Sources */ = {isa = PBXBuildFile; fileRef = DFEF4642188DD5A30045B8FC /* java4cpp_demos_Containers.cpp */; };
		DFEF4687188DD5A30045B8FC /* java4cpp_demos_Enumeration.cpp in Sources */ = {isa = PBXBuildFile; fileRef = DFEF4644188DD5A30045B8FC /* java4cpp_demos_Enumeration.cpp */; };
		DFEF4688188DD5A30045B8FC /* java4cpp_demos_ExceptionClass.cpp in Sources */ = {isa = PBXBuildFile; fileRef = DFEF4647188DD5A30045B8FC /* java4cpp_demos_ExceptionClass.cpp */; };
		DFEF4689188DD5A30045B8FC /* java4cpp_demos_InnerClass.cpp in Sources */ = {isa = PBXBuildFile; fileRef = DFEF4649188DD5A30045B8FC /* java4cpp_demos_InnerClass.cpp */; };
		DFEF468A188DD5A30045B8FC /* java4cpp_demos_InnerEnumeration.cpp in Sources */ = {isa = PBXBuildFile; fileRef = DFEF464B188DD5A30045B8FC /* java4cpp_demos_InnerEnumeration.cpp */; };
		DFEF468B188DD5A30045B8FC /* java4cpp_demos_Superclass.cpp in Sources */ = {isa = PBXBuildFile; fileRef = DFEF464D188DD5A30045B8FC /* java4cpp_demos_Superclass.cpp */; };
		DFEF468C188DD5A30045B8FC /* java4cpp_demos_Threads.cpp in Sources */ = {isa = PBXBuildFile; fileRef = DFEF464F188DD5A30045B8FC /* java4cpp_demos_Threads.cpp */; };
		DFEF468D188DD5A30045B8FC /* java4cpp_demos_UncheckedException.cpp in Sources */ = {isa = PBXBuildFile; fileRef = DFEF4651188DD5A30045B8FC /* java4cpp_demos_UncheckedException.cpp */; };
		DFEF468E188DD5A30045B8FC /* java4cpp_runtime.cpp in Sources */ = {isa = PBXBuildFile; fileRef = DFEF4653188DD5A30045B8FC /* java4cpp_runtime.cpp */; };
		DFEF468F188DD5A30045B8FC /* java_exceptions.cpp in Sources */ = {isa = PBXBuildFile; fileRef = DFEF4656188DD5A30045B8FC /* java_exceptions.cpp */; };
		DFEF4690188DD5A30045B8FC /* java_lang_Class.cpp in Sources */ = {isa = PBXBuildFile; fileRef = DFEF4658188DD5A30045B8FC /* java_lang_Class.cpp */; };
		DFEF4691188DD5A30045B8FC /* java_lang_Double.cpp in Sources */ = {isa = PBXBuildFile; fileRef = DFEF465A188DD5A30045B8FC /* java_lang_Double.cpp */; };
		DFEF4692188DD5A30045B8FC /* java_lang_Float.cpp in Sources */ = {isa = PBXBuildFile; fileRef = DFEF465C188DD5A30045B8FC /* java_lang_Float.cpp */; };
		DFEF4693188DD5A30045B8FC /* java_lang_Object.cpp in Sources */ = {isa = PBXBuildFile; fileRef = DFEF465E188DD5A30045B8FC /* java_lang_Object.cpp */; };
		DFEF4694188DD5A30045B8FC /* java_lang_Short.cpp in Sources */ = {isa = PBXBuildFile; fileRef = DFEF4660188DD5A30045B8FC /* java_lang_Short.cpp */; };
		DFEF4695188DD5A30045B8FC /* java_lang_Throwable.cpp in Sources */ = {isa = PBXBuildFile; fileRef = DFEF4662188DD5A30045B8FC /* java_lang_Throwable.cpp */; };
		DFEF4696188DD5A30045B8FC /* java_util_Collection.cpp in Sources */ = {isa = PBXBuildFile; fileRef = DFEF4664188DD5A30045B8FC /* java_util_Collection.cpp */; };
		DFEF4697188DD5A30045B8FC /* java_util_Iterator.cpp in Sources */ = {isa = PBXBuildFile; fileRef = DFEF4666188DD5A30045B8FC /* java_util_Iterator.cpp */; };
		DFEF4698188DD5A30045B8FC /* java_util_List.cpp in Sources */ = {isa = PBXBuildFile; fileRef = DFEF4668188DD5A30045B8FC /* java_util_List.cpp */; };
		DFEF4699188DD5A30045B8FC /* java_util_ListIterator.cpp in Sources */ = {isa = PBXBuildFile; fileRef = DFEF466A188DD5A30045B8FC /* java_util_ListIterator.cpp */; };
		DFEF469A188DD5A30045B8FC /* jvm_launcher.cpp in Sources */ = {isa = PBXBuildFile; fileRef = DFEF466C188DD5A30045B8FC /* jvm_launcher.cpp */; };
		DFEF469B188DD5A30045B8FC /* org_slf4j_helpers_BasicMarkerFactory.cpp in Sources */ = {isa = PBXBuildFile; fileRef = DFEF466E188DD5A30045B8FC /* org_slf4j_helpers_BasicMarkerFactory.cpp */; };
		DFEF469C188DD5A30045B8FC /* org_slf4j_Marker.cpp in Sources */ = {isa = PBXBuildFile; fileRef = DFEF4670188DD5A30045B8FC /* org_slf4j_Marker.cpp */; };
		DFEF469D188DD5A30045B8FC /* leak.cpp in Sources */ = {isa = PBXBuildFile; fileRef = DFEF4673188DD5A30045B8FC /* leak.cpp */; };
		DFEF469E188DD5A30045B8FC /* main.cpp in Sources */ = {isa = PBXBuildFile; fileRef = DFEF4675188DD5A30045B8FC /* main.cpp */; };
		DFEF469F188DD5A30045B8FC /* multithread.cpp in Sources */ = {isa = PBXBuildFile; fileRef = DFEF4676188DD5A30045B8FC /* multithread.cpp */; };
		DFEF46A0188DD5A30045B8FC /* superclass.cpp in Sources */ = {isa = PBXBuildFile; fileRef = DFEF4678188DD5A30045B8FC /* superclass.cpp */; };
/* End PBXBuildFile section */

/* Begin PBXCopyFilesBuildPhase section */
		DF0FCCAD1836D8A100C587C2 /* CopyFiles */ = {
			isa = PBXCopyFilesBuildPhase;
			buildActionMask = 2147483647;
			dstPath = /usr/share/man/man1/;
			dstSubfolderSpec = 0;
			files = (
			);
			runOnlyForDeploymentPostprocessing = 1;
		};
/* End PBXCopyFilesBuildPhase section */

/* Begin PBXFileReference section */
		DF0FCCAF1836D8A100C587C2 /* xcode5sample */ = {isa = PBXFileReference; explicitFileType = "compiled.mach-o.executable"; includeInIndex = 0; path = xcode5sample; sourceTree = BUILT_PRODUCTS_DIR; };
		DFEF4629188DD5A30045B8FC /* allocation.cpp */ = {isa = PBXFileReference; fileEncoding = 4; lastKnownFileType = sourcecode.cpp.cpp; path = allocation.cpp; sourceTree = "<group>"; };
		DFEF462A188DD5A30045B8FC /* allocation.h */ = {isa = PBXFileReference; fileEncoding = 4; lastKnownFileType = sourcecode.c.h; path = allocation.h; sourceTree = "<group>"; };
		DFEF462B188DD5A30045B8FC /* arrays.cpp */ = {isa = PBXFileReference; fileEncoding = 4; lastKnownFileType = sourcecode.cpp.cpp; path = arrays.cpp; sourceTree = "<group>"; };
		DFEF462C188DD5A30045B8FC /* arrays.h */ = {isa = PBXFileReference; fileEncoding = 4; lastKnownFileType = sourcecode.c.h; path = arrays.h; sourceTree = "<group>"; };
		DFEF462D188DD5A30045B8FC /* benchmark.cpp */ = {isa = PBXFileReference; fileEncoding = 4; lastKnownFileType = sourcecode.cpp.cpp; path = benchmark.cpp; sourceTree = "<group>"; };
		DFEF462E188DD5A30045B8FC /* benchmark.h */ = {isa = PBXFileReference; fileEncoding = 4; lastKnownFileType = sourcecode.c.h; path = benchmark.h; sourceTree = "<group>"; };
		DFEF462F188DD5A30045B8FC /* classloading.cpp */ = {isa = PBXFileReference; fileEncoding = 4; lastKnownFileType = sourcecode.cpp.cpp; path = classloading.cpp; sourceTree = "<group>"; };
		DFEF4630188DD5A30045B8FC /* classloading.h */ = {isa = PBXFileReference; fileEncoding = 4; lastKnownFileType = sourcecode.c.h; path = classloading.h; sourceTree = "<group>"; };
		DFEF4631188DD5A30045B8FC /* enumeration.cpp */ = {isa = PBXFileReference; fileEncoding = 4; lastKnownFileType = sourcecode.cpp.cpp; path = enumeration.cpp; sourceTree = "<group>"; };
		DFEF4632188DD5A30045B8FC /* enumeration.h */ = {isa = PBXFileReference; fileEncoding = 4; lastKnownFileType = sourcecode.c.h; path = enumeration.h; sourceTree = "<group>"; };
		DFEF4633188DD5A30045B8FC /* exceptionHandling.cpp */ = {isa = PBXFileReference; fileEncoding = 4; lastKnownFileType = sourcecode.cpp.cpp; path = exceptionHandling.cpp; sourceTree = "<group>"; };
		DFEF4634188DD5A30045B8FC /* exceptionHandling.h */ = {isa = PBXFileReference; fileEncoding = 4; lastKnownFileType = sourcecode.c.h; path = exceptionHandling.h; sourceTree = "<group>"; };
		DFEF4638188DD5A30045B8FC /* java4cpp_demos_Allocation.cpp */ = {isa = PBXFileReference; fileEncoding = 4; lastKnownFileType = sourcecode.cpp.cpp; path = java4cpp_demos_Allocation.cpp; sourceTree = "<group>"; };
		DFEF4639188DD5A30045B8FC /* java4cpp_demos_Allocation.h */ = {isa = PBXFileReference; fileEncoding = 4; lastKnownFileType = sourcecode.c.h; path = java4cpp_demos_Allocation.h; sourceTree = "<group>"; };
		DFEF463A188DD5A30045B8FC /* java4cpp_demos_Arrays.cpp */ = {isa = PBXFileReference; fileEncoding = 4; lastKnownFileType = sourcecode.cpp.cpp; path = java4cpp_demos_Arrays.cpp; sourceTree = "<group>"; };
		DFEF463B188DD5A30045B8FC /* java4cpp_demos_Arrays.h */ = {isa = PBXFileReference; fileEncoding = 4; lastKnownFileType = sourcecode.c.h; path = java4cpp_demos_Arrays.h; sourceTree = "<group>"; };
		DFEF463C188DD5A30045B8FC /* java4cpp_demos_Baseclass.cpp */ = {isa = PBXFileReference; fileEncoding = 4; lastKnownFileType = sourcecode.cpp.cpp; path = java4cpp_demos_Baseclass.cpp; sourceTree = "<group>"; };
		DFEF463D188DD5A30045B8FC /* java4cpp_demos_Baseclass.h */ = {isa = PBXFileReference; fileEncoding = 4; lastKnownFileType = sourcecode.c.h; path = java4cpp_demos_Baseclass.h; sourceTree = "<group>"; };
		DFEF463E188DD5A30045B8FC /* java4cpp_demos_Benchmark.cpp */ = {isa = PBXFileReference; fileEncoding = 4; lastKnownFileType = sourcecode.cpp.cpp; path = java4cpp_demos_Benchmark.cpp; sourceTree = "<group>"; };
		DFEF463F188DD5A30045B8FC /* java4cpp_demos_Benchmark.h */ = {isa = PBXFileReference; fileEncoding = 4; lastKnownFileType = sourcecode.c.h; path = java4cpp_demos_Benchmark.h; sourceTree = "<group>"; };
		DFEF4640188DD5A30045B8FC /* java4cpp_demos_CheckedException.cpp */ = {isa = PBXFileReference; fileEncoding = 4; lastKnownFileType = sourcecode.cpp.cpp; path = java4cpp_demos_CheckedException.cpp; sourceTree = "<group>"; };
		DFEF4641188DD5A30045B8FC /* java4cpp_demos_CheckedException.h */ = {isa = PBXFileReference; fileEncoding = 4; lastKnownFileType = sourcecode.c.h; path = java4cpp_demos_CheckedException.h; sourceTree = "<group>"; };
		DFEF4642188DD5A30045B8FC /* java4cpp_demos_Containers.cpp */ = {isa = PBXFileReference; fileEncoding = 4; lastKnownFileType = sourcecode.cpp.cpp; path = java4cpp_demos_Containers.cpp; sourceTree = "<group>"; };
		DFEF4643188DD5A30045B8FC /* java4cpp_demos_Containers.h */ = {isa = PBXFileReference; fileEncoding = 4; lastKnownFileType = sourcecode.c.h; path = java4cpp_demos_Containers.h; sourceTree = "<group>"; };
		DFEF4644188DD5A30045B8FC /* java4cpp_demos_Enumeration.cpp */ = {isa = PBXFileReference; fileEncoding = 4; lastKnownFileType = sourcecode.cpp.cpp; path = java4cpp_demos_Enumeration.cpp; sourceTree = "<group>"; };
		DFEF4645188DD5A30045B8FC /* java4cpp_demos_Enumeration.h */ = {isa = PBXFileReference; fileEncoding = 4; lastKnownFileType = sourcecode.c.h; path = java4cpp_demos_Enumeration.h; sourceTree = "<group>"; };
		DFEF4646188DD5A30045B8FC /* java4cpp_demos_EnumerationEnum.h */ = {isa = PBXFileReference; fileEncoding = 4; lastKnownFileType = sourcecode.c.h; path = java4cpp_demos_EnumerationEnum.h; sourceTree = "<group>"; };
		DFEF4647188DD5A30045B8FC /* java4cpp_demos_ExceptionClass.cpp */ = {isa = PBXFileReference; fileEncoding = 4; lastKnownFileType = sourcecode.cpp.cpp; path = java4cpp_demos_ExceptionClass.cpp; sourceTree = "<group>"; };
		DFEF4648188DD5A30045B8FC /* java4cpp_demos_ExceptionClass.h */ = {isa = PBXFileReference; fileEncoding = 4; lastKnownFileType = sourcecode.c.h; path = java4cpp_demos_ExceptionClass.h; sourceTree = "<group>"; };
		DFEF4649188DD5A30045B8FC /* java4cpp_demos_InnerClass.cpp */ = {isa = PBXFileReference; fileEncoding = 4; lastKnownFileType = sourcecode.cpp.cpp; path = java4cpp_demos_InnerClass.cpp; sourceTree = "<group>"; };
		DFEF464A188DD5A30045B8FC /* java4cpp_demos_InnerClass.h */ = {isa = PBXFileReference; fileEncoding = 4; lastKnownFileType = sourcecode.c.h; path = java4cpp_demos_InnerClass.h; sourceTree = "<group>"; };
		DFEF464B188DD5A30045B8FC /* java4cpp_demos_InnerEnumeration.cpp */ = {isa = PBXFileReference; fileEncoding = 4; lastKnownFileType = sourcecode.cpp.cpp; path = java4cpp_demos_InnerEnumeration.cpp; sourceTree = "<group>"; };
		DFEF464C188DD5A30045B8FC /* java4cpp_demos_InnerEnumeration.h */ = {isa = PBXFileReference; fileEncoding = 4; lastKnownFileType = sourcecode.c.h; path = java4cpp_demos_InnerEnumeration.h; sourceTree = "<group>"; };
		DFEF464D188DD5A30045B8FC /* java4cpp_demos_Superclass.cpp */ = {isa = PBXFileReference; fileEncoding = 4; lastKnownFileType = sourcecode.cpp.cpp; path = java4cpp_demos_Superclass.cpp; sourceTree = "<group>"; };
		DFEF464E188DD5A30045B8FC /* java4cpp_demos_Superclass.h */ = {isa = PBXFileReference; fileEncoding = 4; lastKnownFileType = sourcecode.c.h; path = java4cpp_demos_Superclass.h; sourceTree = "<group>"; };
		DFEF464F188DD5A30045B8FC /* java4cpp_demos_Threads.cpp */ = {isa = PBXFileReference; fileEncoding = 4; lastKnownFileType = sourcecode.cpp.cpp; path = java4cpp_demos_Threads.cpp; sourceTree = "<group>"; };
		DFEF4650188DD5A30045B8FC /* java4cpp_demos_Threads.h */ = {isa = PBXFileReference; fileEncoding = 4; lastKnownFileType = sourcecode.c.h; path = java4cpp_demos_Threads.h; sourceTree = "<group>"; };
		DFEF4651188DD5A30045B8FC /* java4cpp_demos_UncheckedException.cpp */ = {isa = PBXFileReference; fileEncoding = 4; lastKnownFileType = sourcecode.cpp.cpp; path = java4cpp_demos_UncheckedException.cpp; sourceTree = "<group>"; };
		DFEF4652188DD5A30045B8FC /* java4cpp_demos_UncheckedException.h */ = {isa = PBXFileReference; fileEncoding = 4; lastKnownFileType = sourcecode.c.h; path = java4cpp_demos_UncheckedException.h; sourceTree = "<group>"; };
		DFEF4653188DD5A30045B8FC /* java4cpp_runtime.cpp */ = {isa = PBXFileReference; fileEncoding = 4; lastKnownFileType = sourcecode.cpp.cpp; path = java4cpp_runtime.cpp; sourceTree = "<group>"; };
		DFEF4654188DD5A30045B8FC /* java4cpp_runtime.h */ = {isa = PBXFileReference; fileEncoding = 4; lastKnownFileType = sourcecode.c.h; path = java4cpp_runtime.h; sourceTree = "<group>"; };
		DFEF4655188DD5A30045B8FC /* java_classes.h */ = {isa = PBXFileReference; fileEncoding = 4; lastKnownFileType = sourcecode.c.h; path = java_classes.h; sourceTree = "<group>"; };
		DFEF4656188DD5A30045B8FC /* java_exceptions.cpp */ = {isa = PBXFileReference; fileEncoding = 4; lastKnownFileType = sourcecode.cpp.cpp; path = java_exceptions.cpp; sourceTree = "<group>"; };
		DFEF4657188DD5A30045B8FC /* java_exceptions.h */ = {isa = PBXFileReference; fileEncoding = 4; lastKnownFileType = sourcecode.c.h; path = java_exceptions.h; sourceTree = "<group>"; };
		DFEF4658188DD5A30045B8FC /* java_lang_Class.cpp */ = {isa = PBXFileReference; fileEncoding = 4; lastKnownFileType = sourcecode.cpp.cpp; path = java_lang_Class.cpp; sourceTree = "<group>"; };
		DFEF4659188DD5A30045B8FC /* java_lang_Class.h */ = {isa = PBXFileReference; fileEncoding = 4; lastKnownFileType = sourcecode.c.h; path = java_lang_Class.h; sourceTree = "<group>"; };
		DFEF465A188DD5A30045B8FC /* java_lang_Double.cpp */ = {isa = PBXFileReference; fileEncoding = 4; lastKnownFileType = sourcecode.cpp.cpp; path = java_lang_Double.cpp; sourceTree = "<group>"; };
		DFEF465B188DD5A30045B8FC /* java_lang_Double.h */ = {isa = PBXFileReference; fileEncoding = 4; lastKnownFileType = sourcecode.c.h; path = java_lang_Double.h; sourceTree = "<group>"; };
		DFEF465C188DD5A30045B8FC /* java_lang_Float.cpp */ = {isa = PBXFileReference; fileEncoding = 4; lastKnownFileType = sourcecode.cpp.cpp; path = java_lang_Float.cpp; sourceTree = "<group>"; };
		DFEF465D188DD5A30045B8FC /* java_lang_Float.h */ = {isa = PBXFileReference; fileEncoding = 4; lastKnownFileType = sourcecode.c.h; path = java_lang_Float.h; sourceTree = "<group>"; };
		DFEF465E188DD5A30045B8FC /* java_lang_Object.cpp */ = {isa = PBXFileReference; fileEncoding = 4; lastKnownFileType = sourcecode.cpp.cpp; path = java_lang_Object.cpp; sourceTree = "<group>"; };
		DFEF465F188DD5A30045B8FC /* java_lang_Object.h */ = {isa = PBXFileReference; fileEncoding = 4; lastKnownFileType = sourcecode.c.h; path = java_lang_Object.h; sourceTree = "<group>"; };
		DFEF4660188DD5A30045B8FC /* java_lang_Short.cpp */ = {isa = PBXFileReference; fileEncoding = 4; lastKnownFileType = sourcecode.cpp.cpp; path = java_lang_Short.cpp; sourceTree = "<group>"; };
		DFEF4661188DD5A30045B8FC /* java_lang_Short.h */ = {isa = PBXFileReference; fileEncoding = 4; lastKnownFileType = sourcecode.c.h; path = java_lang_Short.h; sourceTree = "<group>"; };
		DFEF4662188DD5A30045B8FC /* java_lang_Throwable.cpp */ = {isa = PBXFileReference; fileEncoding = 4; lastKnownFileType = sourcecode.cpp.cpp; path = java_lang_Throwable.cpp; sourceTree = "<group>"; };
		DFEF4663188DD5A30045B8FC /* java_lang_Throwable.h */ = {isa = PBXFileReference; fileEncoding = 4; lastKnownFileType = sourcecode.c.h; path = java_lang_Throwable.h; sourceTree = "<group>"; };
		DFEF4664188DD5A30045B8FC /* java_util_Collection.cpp */ = {isa = PBXFileReference; fileEncoding = 4; lastKnownFileType = sourcecode.cpp.cpp; path = java_util_Collection.cpp; sourceTree = "<group>"; };
		DFEF4665188DD5A30045B8FC /* java_util_Collection.h */ = {isa = PBXFileReference; fileEncoding = 4; lastKnownFileType = sourcecode.c.h; path = java_util_Collection.h; sourceTree = "<group>"; };
		DFEF4666188DD5A30045B8FC /* java_util_Iterator.cpp */ = {isa = PBXFileReference; fileEncoding = 4; lastKnownFileType = sourcecode.cpp.cpp; path = java_util_Iterator.cpp; sourceTree = "<group>"; };
		DFEF4667188DD5A30045B8FC /* java_util_Iterator.h */ = {isa = PBXFileReference; fileEncoding = 4; lastKnownFileType = sourcecode.c.h; path = java_util_Iterator.h; sourceTree = "<group>"; };
		DFEF4668188DD5A30045B8FC /* java_util_List.cpp */ = {isa = PBXFileReference; fileEncoding = 4; lastKnownFileType = sourcecode.cpp.cpp; path = java_util_List.cpp; sourceTree = "<group>"; };
		DFEF4669188DD5A30045B8FC /* java_util_List.h */ = {isa = PBXFileReference; fileEncoding = 4; lastKnownFileType = sourcecode.c.h; path = java_util_List.h; sourceTree = "<group>"; };
		DFEF466A188DD5A30045B8FC /* java_util_ListIterator.cpp */ = {isa = PBXFileReference; fileEncoding = 4; lastKnownFileType = sourcecode.cpp.cpp; path = java_util_ListIterator.cpp; sourceTree = "<group>"; };
		DFEF466B188DD5A30045B8FC /* java_util_ListIterator.h */ = {isa = PBXFileReference; fileEncoding = 4; lastKnownFileType = sourcecode.c.h; path = java_util_ListIterator.h; sourceTree = "<group>"; };
		DFEF466C188DD5A30045B8FC /* jvm_launcher.cpp */ = {isa = PBXFileReference; fileEncoding = 4; lastKnownFileType = sourcecode.cpp.cpp; path = jvm_launcher.cpp; sourceTree = "<group>"; };
		DFEF466D188DD5A30045B8FC /* jvm_launcher.h */ = {isa = PBXFileReference; fileEncoding = 4; lastKnownFileType = sourcecode.c.h; path = jvm_launcher.h; sourceTree = "<group>"; };
		DFEF466E188DD5A30045B8FC /* org_slf4j_helpers_BasicMarkerFactory.cpp */ = {isa = PBXFileReference; fileEncoding = 4; lastKnownFileType = sourcecode.cpp.cpp; path = org_slf4j_helpers_BasicMarkerFactory.cpp; sourceTree = "<group>"; };
		DFEF466F188DD5A30045B8FC /* org_slf4j_helpers_BasicMarkerFactory.h */ = {isa = PBXFileReference; fileEncoding = 4; lastKnownFileType = sourcecode.c.h; path = org_slf4j_helpers_BasicMarkerFactory.h; sourceTree = "<group>"; };
		DFEF4670188DD5A30045B8FC /* org_slf4j_Marker.cpp */ = {isa = PBXFileReference; fileEncoding = 4; lastKnownFileType = sourcecode.cpp.cpp; path = org_slf4j_Marker.cpp; sourceTree = "<group>"; };
		DFEF4671188DD5A30045B8FC /* org_slf4j_Marker.h */ = {isa = PBXFileReference; fileEncoding = 4; lastKnownFileType = sourcecode.c.h; path = org_slf4j_Marker.h; sourceTree = "<group>"; };
		DFEF4672188DD5A30045B8FC /* java4cpp_thread.h */ = {isa = PBXFileReference; fileEncoding = 4; lastKnownFileType = sourcecode.c.h; path = java4cpp_thread.h; sourceTree = "<group>"; };
		DFEF4673188DD5A30045B8FC /* leak.cpp */ = {isa = PBXFileReference; fileEncoding = 4; lastKnownFileType = sourcecode.cpp.cpp; path = leak.cpp; sourceTree = "<group>"; };
		DFEF4674188DD5A30045B8FC /* leak.h */ = {isa = PBXFileReference; fileEncoding = 4; lastKnownFileType = sourcecode.c.h; path = leak.h; sourceTree = "<group>"; };
		DFEF4675188DD5A30045B8FC /* main.cpp */ = {isa = PBXFileReference; fileEncoding = 4; lastKnownFileType = sourcecode.cpp.cpp; path = main.cpp; sourceTree = "<group>"; };
		DFEF4676188DD5A30045B8FC /* multithread.cpp */ = {isa = PBXFileReference; fileEncoding = 4; lastKnownFileType = sourcecode.cpp.cpp; path = multithread.cpp; sourceTree = "<group>"; };
		DFEF4677188DD5A30045B8FC /* multithread.h */ = {isa = PBXFileReference; fileEncoding = 4; lastKnownFileType = sourcecode.c.h; path = multithread.h; sourceTree = "<group>"; };
		DFEF4678188DD5A30045B8FC /* superclass.cpp */ = {isa = PBXFileReference; fileEncoding = 4; lastKnownFileType = sourcecode.cpp.cpp; path = superclass.cpp; sourceTree = "<group>"; };
		DFEF4679188DD5A30045B8FC /* superclass.h */ = {isa = PBXFileReference; fileEncoding = 4; lastKnownFileType = sourcecode.c.h; path = superclass.h; sourceTree = "<group>"; };
		DFEF467A188DD5A30045B8FC /* testsunit.h */ = {isa = PBXFileReference; fileEncoding = 4; lastKnownFileType = sourcecode.c.h; path = testsunit.h; sourceTree = "<group>"; };
/* End PBXFileReference section */

/* Begin PBXFrameworksBuildPhase section */
		DF0FCCAC1836D8A100C587C2 /* Frameworks */ = {
			isa = PBXFrameworksBuildPhase;
			buildActionMask = 2147483647;
			files = (
			);
			runOnlyForDeploymentPostprocessing = 0;
		};
/* End PBXFrameworksBuildPhase section */

/* Begin PBXGroup section */
		DF0FCCA61836D8A100C587C2 = {
			isa = PBXGroup;
			children = (
				DFEF4622188DD5A30045B8FC /* cpp */,
				DF0FCCB11836D8A100C587C2 /* xcode5sample */,
				DF0FCCB01836D8A100C587C2 /* Products */,
			);
			sourceTree = "<group>";
		};
		DF0FCCB01836D8A100C587C2 /* Products */ = {
			isa = PBXGroup;
			children = (
				DF0FCCAF1836D8A100C587C2 /* xcode5sample */,
			);
			name = Products;
			sourceTree = "<group>";
		};
		DF0FCCB11836D8A100C587C2 /* xcode5sample */ = {
			isa = PBXGroup;
			children = (
			);
			path = xcode5sample;
			sourceTree = "<group>";
		};
		DFEF4622188DD5A30045B8FC /* cpp */ = {
			isa = PBXGroup;
			children = (
				DFEF4675188DD5A30045B8FC /* main.cpp */,
				DFEF4673188DD5A30045B8FC /* leak.cpp */,
				DFEF4674188DD5A30045B8FC /* leak.h */,
				DFEF4629188DD5A30045B8FC /* allocation.cpp */,
				DFEF462A188DD5A30045B8FC /* allocation.h */,
				DFEF4678188DD5A30045B8FC /* superclass.cpp */,
				DFEF4679188DD5A30045B8FC /* superclass.h */,
				DFEF4631188DD5A30045B8FC /* enumeration.cpp */,
				DFEF4632188DD5A30045B8FC /* enumeration.h */,
				DFEF462B188DD5A30045B8FC /* arrays.cpp */,
				DFEF462C188DD5A30045B8FC /* arrays.h */,
				DFEF4633188DD5A30045B8FC /* exceptionHandling.cpp */,
				DFEF4634188DD5A30045B8FC /* exceptionHandling.h */,
				DFEF462F188DD5A30045B8FC /* classloading.cpp */,
				DFEF4630188DD5A30045B8FC /* classloading.h */,
				DFEF462D188DD5A30045B8FC /* benchmark.cpp */,
				DFEF462E188DD5A30045B8FC /* benchmark.h */,
				DFEF4676188DD5A30045B8FC /* multithread.cpp */,
				DFEF4677188DD5A30045B8FC /* multithread.h */,
				DFEF4635188DD5A30045B8FC /* java4cpp */,
				DFEF4672188DD5A30045B8FC /* java4cpp_thread.h */,
				DFEF467A188DD5A30045B8FC /* testsunit.h */,
			);
			name = cpp;
			path = ../../cpp;
			sourceTree = "<group>";
		};
		DFEF4635188DD5A30045B8FC /* java4cpp */ = {
			isa = PBXGroup;
			children = (
				DFEF4638188DD5A30045B8FC /* java4cpp_demos_Allocation.cpp */,
				DFEF4639188DD5A30045B8FC /* java4cpp_demos_Allocation.h */,
				DFEF463A188DD5A30045B8FC /* java4cpp_demos_Arrays.cpp */,
				DFEF463B188DD5A30045B8FC /* java4cpp_demos_Arrays.h */,
				DFEF463C188DD5A30045B8FC /* java4cpp_demos_Baseclass.cpp */,
				DFEF463D188DD5A30045B8FC /* java4cpp_demos_Baseclass.h */,
				DFEF463E188DD5A30045B8FC /* java4cpp_demos_Benchmark.cpp */,
				DFEF463F188DD5A30045B8FC /* java4cpp_demos_Benchmark.h */,
				DFEF4640188DD5A30045B8FC /* java4cpp_demos_CheckedException.cpp */,
				DFEF4641188DD5A30045B8FC /* java4cpp_demos_CheckedException.h */,
				DFEF4642188DD5A30045B8FC /* java4cpp_demos_Containers.cpp */,
				DFEF4643188DD5A30045B8FC /* java4cpp_demos_Containers.h */,
				DFEF4644188DD5A30045B8FC /* java4cpp_demos_Enumeration.cpp */,
				DFEF4645188DD5A30045B8FC /* java4cpp_demos_Enumeration.h */,
				DFEF4646188DD5A30045B8FC /* java4cpp_demos_EnumerationEnum.h */,
				DFEF4647188DD5A30045B8FC /* java4cpp_demos_ExceptionClass.cpp */,
				DFEF4648188DD5A30045B8FC /* java4cpp_demos_ExceptionClass.h */,
				DFEF4649188DD5A30045B8FC /* java4cpp_demos_InnerClass.cpp */,
				DFEF464A188DD5A30045B8FC /* java4cpp_demos_InnerClass.h */,
				DFEF464B188DD5A30045B8FC /* java4cpp_demos_InnerEnumeration.cpp */,
				DFEF464C188DD5A30045B8FC /* java4cpp_demos_InnerEnumeration.h */,
				DFEF464D188DD5A30045B8FC /* java4cpp_demos_Superclass.cpp */,
				DFEF464E188DD5A30045B8FC /* java4cpp_demos_Superclass.h */,
				DFEF464F188DD5A30045B8FC /* java4cpp_demos_Threads.cpp */,
				DFEF4650188DD5A30045B8FC /* java4cpp_demos_Threads.h */,
				DFEF4651188DD5A30045B8FC /* java4cpp_demos_UncheckedException.cpp */,
				DFEF4652188DD5A30045B8FC /* java4cpp_demos_UncheckedException.h */,
				DFEF4653188DD5A30045B8FC /* java4cpp_runtime.cpp */,
				DFEF4654188DD5A30045B8FC /* java4cpp_runtime.h */,
				DFEF4655188DD5A30045B8FC /* java_classes.h */,
				DFEF4656188DD5A30045B8FC /* java_exceptions.cpp */,
				DFEF4657188DD5A30045B8FC /* java_exceptions.h */,
				DFEF4658188DD5A30045B8FC /* java_lang_Class.cpp */,
				DFEF4659188DD5A30045B8FC /* java_lang_Class.h */,
				DFEF465A188DD5A30045B8FC /* java_lang_Double.cpp */,
				DFEF465B188DD5A30045B8FC /* java_lang_Double.h */,
				DFEF465C188DD5A30045B8FC /* java_lang_Float.cpp */,
				DFEF465D188DD5A30045B8FC /* java_lang_Float.h */,
				DFEF465E188DD5A30045B8FC /* java_lang_Object.cpp */,
				DFEF465F188DD5A30045B8FC /* java_lang_Object.h */,
				DFEF4660188DD5A30045B8FC /* java_lang_Short.cpp */,
				DFEF4661188DD5A30045B8FC /* java_lang_Short.h */,
				DFEF4662188DD5A30045B8FC /* java_lang_Throwable.cpp */,
				DFEF4663188DD5A30045B8FC /* java_lang_Throwable.h */,
				DFEF4664188DD5A30045B8FC /* java_util_Collection.cpp */,
				DFEF4665188DD5A30045B8FC /* java_util_Collection.h */,
				DFEF4666188DD5A30045B8FC /* java_util_Iterator.cpp */,
				DFEF4667188DD5A30045B8FC /* java_util_Iterator.h */,
				DFEF4668188DD5A30045B8FC /* java_util_List.cpp */,
				DFEF4669188DD5A30045B8FC /* java_util_List.h */,
				DFEF466A188DD5A30045B8FC /* java_util_ListIterator.cpp */,
				DFEF466B188DD5A30045B8FC /* java_util_ListIterator.h */,
				DFEF466C188DD5A30045B8FC /* jvm_launcher.cpp */,
				DFEF466D188DD5A30045B8FC /* jvm_launcher.h */,
				DFEF466E188DD5A30045B8FC /* org_slf4j_helpers_BasicMarkerFactory.cpp */,
				DFEF466F188DD5A30045B8FC /* org_slf4j_helpers_BasicMarkerFactory.h */,
				DFEF4670188DD5A30045B8FC /* org_slf4j_Marker.cpp */,
				DFEF4671188DD5A30045B8FC /* org_slf4j_Marker.h */,
			);
			path = java4cpp;
			sourceTree = "<group>";
		};
/* End PBXGroup section */

/* Begin PBXNativeTarget section */
		DF0FCCAE1836D8A100C587C2 /* xcode5sample */ = {
			isa = PBXNativeTarget;
			buildConfigurationList = DF0FCCB81836D8A100C587C2 /* Build configuration list for PBXNativeTarget "xcode5sample" */;
			buildPhases = (
				DF0FCCAB1836D8A100C587C2 /* Sources */,
				DF0FCCAC1836D8A100C587C2 /* Frameworks */,
				DF0FCCAD1836D8A100C587C2 /* CopyFiles */,
			);
			buildRules = (
			);
			dependencies = (
			);
			name = xcode5sample;
			productName = xcode5sample;
			productReference = DF0FCCAF1836D8A100C587C2 /* xcode5sample */;
			productType = "com.apple.product-type.tool";
		};
/* End PBXNativeTarget section */

/* Begin PBXProject section */
		DF0FCCA71836D8A100C587C2 /* Project object */ = {
			isa = PBXProject;
			attributes = {
				LastUpgradeCheck = 0500;
				ORGANIZATIONNAME = java4cpp;
			};
			buildConfigurationList = DF0FCCAA1836D8A100C587C2 /* Build configuration list for PBXProject "xcode5sample" */;
			compatibilityVersion = "Xcode 3.2";
			developmentRegion = English;
			hasScannedForEncodings = 0;
			knownRegions = (
				en,
			);
			mainGroup = DF0FCCA61836D8A100C587C2;
			productRefGroup = DF0FCCB01836D8A100C587C2 /* Products */;
			projectDirPath = "";
			projectRoot = "";
			targets = (
				DF0FCCAE1836D8A100C587C2 /* xcode5sample */,
			);
		};
/* End PBXProject section */

/* Begin PBXSourcesBuildPhase section */
		DF0FCCAB1836D8A100C587C2 /* Sources */ = {
			isa = PBXSourcesBuildPhase;
			buildActionMask = 2147483647;
			files = (
				DFEF467D188DD5A30045B8FC /* benchmark.cpp in Sources */,
				DFEF4680188DD5A30045B8FC /* exceptionHandling.cpp in Sources */,
				DFEF468A188DD5A30045B8FC /* java4cpp_demos_InnerEnumeration.cpp in Sources */,
				DFEF469A188DD5A30045B8FC /* jvm_launcher.cpp in Sources */,
				DFEF4694188DD5A30045B8FC /* java_lang_Short.cpp in Sources */,
				DFEF4698188DD5A30045B8FC /* java_util_List.cpp in Sources */,
				DFEF4684188DD5A30045B8FC /* java4cpp_demos_Benchmark.cpp in Sources */,
				DFEF4699188DD5A30045B8FC /* java_util_ListIterator.cpp in Sources */,
				DFEF4691188DD5A30045B8FC /* java_lang_Double.cpp in Sources */,
				DFEF4685188DD5A30045B8FC /* java4cpp_demos_CheckedException.cpp in Sources */,
				DFEF4697188DD5A30045B8FC /* java_util_Iterator.cpp in Sources */,
				DFEF4696188DD5A30045B8FC /* java_util_Collection.cpp in Sources */,
				DFEF467F188DD5A30045B8FC /* enumeration.cpp in Sources */,
				DFEF4689188DD5A30045B8FC /* java4cpp_demos_InnerClass.cpp in Sources */,
				DFEF469C188DD5A30045B8FC /* org_slf4j_Marker.cpp in Sources */,
				DFEF468D188DD5A30045B8FC /* java4cpp_demos_UncheckedException.cpp in Sources */,
				DFEF4692188DD5A30045B8FC /* java_lang_Float.cpp in Sources */,
				DFEF468F188DD5A30045B8FC /* java_exceptions.cpp in Sources */,
				DFEF4682188DD5A30045B8FC /* java4cpp_demos_Arrays.cpp in Sources */,
				DFEF469D188DD5A30045B8FC /* leak.cpp in Sources */,
				DFEF468B188DD5A30045B8FC /* java4cpp_demos_Superclass.cpp in Sources */,
				DFEF4686188DD5A30045B8FC /* java4cpp_demos_Containers.cpp in Sources */,
				DFEF469E188DD5A30045B8FC /* main.cpp in Sources */,
				DFEF467E188DD5A30045B8FC /* classloading.cpp in Sources */,
				DFEF46A0188DD5A30045B8FC /* superclass.cpp in Sources */,
				DFEF4683188DD5A30045B8FC /* java4cpp_demos_Baseclass.cpp in Sources */,
				DFEF4681188DD5A30045B8FC /* java4cpp_demos_Allocation.cpp in Sources */,
				DFEF4687188DD5A30045B8FC /* java4cpp_demos_Enumeration.cpp in Sources */,
				DFEF467B188DD5A30045B8FC /* allocation.cpp in Sources */,
				DFEF4695188DD5A30045B8FC /* java_lang_Throwable.cpp in Sources */,
				DFEF468E188DD5A30045B8FC /* java4cpp_runtime.cpp in Sources */,
				DFEF4688188DD5A30045B8FC /* java4cpp_demos_ExceptionClass.cpp in Sources */,
				DFEF468C188DD5A30045B8FC /* java4cpp_demos_Threads.cpp in Sources */,
				DFEF469B188DD5A30045B8FC /* org_slf4j_helpers_BasicMarkerFactory.cpp in Sources */,
				DFEF4693188DD5A30045B8FC /* java_lang_Object.cpp in Sources */,
				DFEF467C188DD5A30045B8FC /* arrays.cpp in Sources */,
				DFEF4690188DD5A30045B8FC /* java_lang_Class.cpp in Sources */,
				DFEF469F188DD5A30045B8FC /* multithread.cpp in Sources */,
			);
			runOnlyForDeploymentPostprocessing = 0;
		};
/* End PBXSourcesBuildPhase section */

/* Begin XCBuildConfiguration section */
		DF0FCCB61836D8A100C587C2 /* Debug */ = {
			isa = XCBuildConfiguration;
			buildSettings = {
				ALWAYS_SEARCH_USER_PATHS = NO;
				CLANG_CXX_LANGUAGE_STANDARD = "gnu++0x";
				CLANG_CXX_LIBRARY = "libc++";
				CLANG_ENABLE_OBJC_ARC = YES;
				CLANG_WARN_BOOL_CONVERSION = YES;
				CLANG_WARN_CONSTANT_CONVERSION = YES;
				CLANG_WARN_DIRECT_OBJC_ISA_USAGE = YES_ERROR;
				CLANG_WARN_EMPTY_BODY = YES;
				CLANG_WARN_ENUM_CONVERSION = YES;
				CLANG_WARN_INT_CONVERSION = YES;
				CLANG_WARN_OBJC_ROOT_CLASS = YES_ERROR;
				CLANG_WARN__DUPLICATE_METHOD_MATCH = YES;
				COPY_PHASE_STRIP = NO;
				GCC_C_LANGUAGE_STANDARD = gnu99;
				GCC_DYNAMIC_NO_PIC = NO;
				GCC_ENABLE_OBJC_EXCEPTIONS = YES;
				GCC_OPTIMIZATION_LEVEL = 0;
				GCC_PREPROCESSOR_DEFINITIONS = (
					"DEBUG=1",
					"$(inherited)",
				);
				GCC_SYMBOLS_PRIVATE_EXTERN = NO;
				GCC_WARN_64_TO_32_BIT_CONVERSION = YES;
				GCC_WARN_ABOUT_RETURN_TYPE = YES_ERROR;
				GCC_WARN_UNDECLARED_SELECTOR = YES;
				GCC_WARN_UNINITIALIZED_AUTOS = YES;
				GCC_WARN_UNUSED_FUNCTION = YES;
				GCC_WARN_UNUSED_VARIABLE = YES;
				MACOSX_DEPLOYMENT_TARGET = 10.9;
				ONLY_ACTIVE_ARCH = YES;
				SDKROOT = macosx;
				USER_HEADER_SEARCH_PATHS = ..;
			};
			name = Debug;
		};
		DF0FCCB71836D8A100C587C2 /* Release */ = {
			isa = XCBuildConfiguration;
			buildSettings = {
				ALWAYS_SEARCH_USER_PATHS = NO;
				CLANG_CXX_LANGUAGE_STANDARD = "gnu++0x";
				CLANG_CXX_LIBRARY = "libc++";
				CLANG_ENABLE_OBJC_ARC = YES;
				CLANG_WARN_BOOL_CONVERSION = YES;
				CLANG_WARN_CONSTANT_CONVERSION = YES;
				CLANG_WARN_DIRECT_OBJC_ISA_USAGE = YES_ERROR;
				CLANG_WARN_EMPTY_BODY = YES;
				CLANG_WARN_ENUM_CONVERSION = YES;
				CLANG_WARN_INT_CONVERSION = YES;
				CLANG_WARN_OBJC_ROOT_CLASS = YES_ERROR;
				CLANG_WARN__DUPLICATE_METHOD_MATCH = YES;
				COPY_PHASE_STRIP = YES;
				DEBUG_INFORMATION_FORMAT = "dwarf-with-dsym";
				ENABLE_NS_ASSERTIONS = NO;
				GCC_C_LANGUAGE_STANDARD = gnu99;
				GCC_ENABLE_OBJC_EXCEPTIONS = YES;
				GCC_WARN_64_TO_32_BIT_CONVERSION = YES;
				GCC_WARN_ABOUT_RETURN_TYPE = YES_ERROR;
				GCC_WARN_UNDECLARED_SELECTOR = YES;
				GCC_WARN_UNINITIALIZED_AUTOS = YES;
				GCC_WARN_UNUSED_FUNCTION = YES;
				GCC_WARN_UNUSED_VARIABLE = YES;
				MACOSX_DEPLOYMENT_TARGET = 10.9;
				SDKROOT = macosx;
				USER_HEADER_SEARCH_PATHS = ..;
			};
			name = Release;
		};
		DF0FCCB91836D8A100C587C2 /* Debug */ = {
			isa = XCBuildConfiguration;
			buildSettings = {
				ALWAYS_SEARCH_USER_PATHS = YES;
				PRODUCT_NAME = "$(TARGET_NAME)";
				USER_HEADER_SEARCH_PATHS = ".. /Users/maison/Documents/workspace/boost_1_47_0/";
			};
			name = Debug;
		};
		DF0FCCBA1836D8A100C587C2 /* Release */ = {
			isa = XCBuildConfiguration;
			buildSettings = {
				ALWAYS_SEARCH_USER_PATHS = YES;
				PRODUCT_NAME = "$(TARGET_NAME)";
				USER_HEADER_SEARCH_PATHS = ".. /Users/maison/Documents/workspace/boost_1_47_0/";
			};
			name = Release;
		};
/* End XCBuildConfiguration section */

/* Begin XCConfigurationList section */
		DF0FCCAA1836D8A100C587C2 /* Build configuration list for PBXProject "xcode5sample" */ = {
			isa = XCConfigurationList;
			buildConfigurations = (
				DF0FCCB61836D8A100C587C2 /* Debug */,
				DF0FCCB71836D8A100C587C2 /* Release */,
			);
			defaultConfigurationIsVisible = 0;
			defaultConfigurationName = Release;
		};
		DF0FCCB81836D8A100C587C2 /* Build configuration list for PBXNativeTarget "xcode5sample" */ = {
			isa = XCConfigurationList;
			buildConfigurations = (
				DF0FCCB91836D8A100C587C2 /* Debug */,
				DF0FCCBA1836D8A100C587C2 /* Release */,
			);
			defaultConfigurationIsVisible = 0;
			defaultConfigurationName = Release;
		};
/* End XCConfigurationList section */
	};
	rootObject = DF0FCCA71836D8A100C587C2 /* Project object */;
}
